
Microsoft Visual Studio Solution File, Format Version 12.00
# Visual Studio Version 17
VisualStudioVersion = 17.3.32901.215
MinimumVisualStudioVersion = 10.0.40219.1
Project("{FAE04EC0-301F-11D3-BF4B-00C04F79EFBC}") = "PowerCI", "PowerCI\PowerCI.csproj", "{901BF7EA-53D7-45A6-9CF9-1F4BE6CBAD39}"
EndProject
Global
	GlobalSection(SolutionConfigurationPlatforms) = preSolution
		Debug|Any CPU = Debug|Any CPU
		Release|Any CPU = Release|Any CPU
	EndGlobalSection
	GlobalSection(ProjectConfigurationPlatforms) = postSolution
		{901BF7EA-53D7-45A6-9CF9-1F4BE6CBAD39}.Debug|Any CPU.ActiveCfg = Debug|Any CPU
		{901BF7EA-53D7-45A6-9CF9-1F4BE6CBAD39}.Debug|Any CPU.Build.0 = Debug|Any CPU
		{901BF7EA-53D7-45A6-9CF9-1F4BE6CBAD39}.Release|Any CPU.ActiveCfg = Release|Any CPU
		{901BF7EA-53D7-45A6-9CF9-1F4BE6CBAD39}.Release|Any CPU.Build.0 = Release|Any CPU
	EndGlobalSection
	GlobalSection(SolutionProperties) = preSolution
		HideSolutionNode = FALSE
	EndGlobalSection
	GlobalSection(ExtensibilityGlobals) = postSolution
		SolutionGuid = {D96FAF5E-3725-4D07-A2B6-71F134866ADD}
	EndGlobalSection
EndGlobal
